
Microsoft Visual Studio Solution File, Format Version 12.00
# Visual Studio Version 17
VisualStudioVersion = 17.11.35327.3
MinimumVisualStudioVersion = 10.0.40219.1
Project("{FAE04EC0-301F-11D3-BF4B-00C04F79EFBC}") = "Proyecto_bdd2", "Proyecto_bdd2\Proyecto_bdd2.csproj", "{AB00E92D-88C0-47DF-B0FD-3798B474A465}"
EndProject
Global
	GlobalSection(SolutionConfigurationPlatforms) = preSolution
		Debug|Any CPU = Debug|Any CPU
		Release|Any CPU = Release|Any CPU
	EndGlobalSection
	GlobalSection(ProjectConfigurationPlatforms) = postSolution
		{AB00E92D-88C0-47DF-B0FD-3798B474A465}.Debug|Any CPU.ActiveCfg = Debug|Any CPU
		{AB00E92D-88C0-47DF-B0FD-3798B474A465}.Debug|Any CPU.Build.0 = Debug|Any CPU
		{AB00E92D-88C0-47DF-B0FD-3798B474A465}.Release|Any CPU.ActiveCfg = Release|Any CPU
		{AB00E92D-88C0-47DF-B0FD-3798B474A465}.Release|Any CPU.Build.0 = Release|Any CPU
	EndGlobalSection
	GlobalSection(SolutionProperties) = preSolution
		HideSolutionNode = FALSE
	EndGlobalSection
	GlobalSection(ExtensibilityGlobals) = postSolution
		SolutionGuid = {0987E2C1-7E1E-42EF-985A-EC0FE2A8511D}
	EndGlobalSection
EndGlobal
